# THIS IS AN AUTOGENERATED FILE. DO NOT EDIT THIS FILE DIRECTLY.
# yarn lockfile v1


"@anthropic-ai/sdk@^0.52.0":
  version "0.52.0"
  resolved "https://registry.yarnpkg.com/@anthropic-ai/sdk/-/sdk-0.52.0.tgz#fa521708f926963da78d7bea50dd29bf786f465b"
  integrity sha512-d4c+fg+xy9e46c8+YnrrgIQR45CZlAi7PwdzIfDXDM6ACxEZli1/fxhURsq30ZpMZy6LvSkr41jGq5aF5TD7rQ==

deepseek@^0.0.2:
  version "0.0.2"
  resolved "https://registry.yarnpkg.com/deepseek/-/deepseek-0.0.2.tgz#f504c8bca0867c714450ddb30238d6688b221c56"
  integrity sha512-NBLowRxXm9baloPOEzu7dokwoMSwQNBbQj9LqL0QzAS6az8A26jxB37XBjGF7oubsiU7HvrYGjUdnAWCnfEiAg==

dotenv@^16.5.0:
  version "16.5.0"
  resolved "https://registry.yarnpkg.com/dotenv/-/dotenv-16.5.0.tgz#092b49f25f808f020050051d1ff258e404c78692"
  integrity sha512-m/C+AwOAr9/W1UOIZUo232ejMNnJAJtYQjUbHoNTBNTJSvqzzDh7vnrei3o3r3m9blf6ZoDkvcw0VmozNRFJxg==

openai, openai@5:
  version "5.0.1"
  resolved "https://registry.yarnpkg.com/openai/-/openai-5.0.1.tgz#c7cabc4cb13554f8506158364566c16514d051fe"
  integrity sha512-Do6vxhbDv7cXhji/4ct1lrpZYMAOmjYbhyA9LJTuG7OfpbWMpuS+EIXkRT7R+XxpRB1OZhU/op4FU3p3uxU6gw==
